
Microsoft Visual Studio Solution File, Format Version 12.00
# Visual Studio Version 16
VisualStudioVersion = 16.0.30114.105
MinimumVisualStudioVersion = 10.0.40219.1
Project("{2150E333-8FDC-42A3-9474-1A3956D46DE8}") = "example", "example", "{3CDFF447-9BE9-41AB-9585-84053666D587}"
EndProject
Project("{FAE04EC0-301F-11D3-BF4B-00C04F79EFBC}") = "Example.WebApi", "example\Example.WebApi\Example.WebApi.csproj", "{D2E4A7E1-9E44-46D9-B43B-1403271B4066}"
EndProject
Project("{FAE04EC0-301F-11D3-BF4B-00C04F79EFBC}") = "Example.Tests", "example\Example.Tests\Example.Tests.csproj", "{CB45C8ED-5266-408B-B249-81A2CED8C1C3}"
EndProject
Project("{FAE04EC0-301F-11D3-BF4B-00C04F79EFBC}") = "Example.Protocol", "example\Example.Protocol\Example.Protocol.csproj", "{6B209C48-2490-453B-AD1E-C3525C5DC953}"
EndProject
Project("{FAE04EC0-301F-11D3-BF4B-00C04F79EFBC}") = "Nist.Logs", "logging\Nist.Logs.csproj", "{E2F4509C-02C1-4D5F-AB4B-22285B604E26}"
EndProject
Project("{FAE04EC0-301F-11D3-BF4B-00C04F79EFBC}") = "Nist.Errors", "errors\Nist.Errors.csproj", "{D2B6C3C1-2929-4FEA-8D1B-D6BD71511E01}"
EndProject
Project("{2150E333-8FDC-42A3-9474-1A3956D46DE8}") = "queries", "queries", "{C47C09B0-0EDD-4994-B6CD-A5FD23474273}"
EndProject
Project("{FAE04EC0-301F-11D3-BF4B-00C04F79EFBC}") = "Nist.Queries", "..\..\dotnet\queries\Nist.Queries\Nist.Queries.csproj", "{F3F5F4DA-1047-40A3-BBD8-A0FBA11FBACF}"
EndProject
Project("{FAE04EC0-301F-11D3-BF4B-00C04F79EFBC}") = "Nist.Responses", "responses\Nist.Responses.csproj", "{FE7A8E61-7493-4807-A406-8380C75B53A8}"
EndProject
Global
	GlobalSection(SolutionConfigurationPlatforms) = preSolution
		Debug|Any CPU = Debug|Any CPU
		Release|Any CPU = Release|Any CPU
	EndGlobalSection
	GlobalSection(SolutionProperties) = preSolution
		HideSolutionNode = FALSE
	EndGlobalSection
	GlobalSection(ProjectConfigurationPlatforms) = postSolution
		{D2E4A7E1-9E44-46D9-B43B-1403271B4066}.Debug|Any CPU.ActiveCfg = Debug|Any CPU
		{D2E4A7E1-9E44-46D9-B43B-1403271B4066}.Debug|Any CPU.Build.0 = Debug|Any CPU
		{D2E4A7E1-9E44-46D9-B43B-1403271B4066}.Release|Any CPU.ActiveCfg = Release|Any CPU
		{D2E4A7E1-9E44-46D9-B43B-1403271B4066}.Release|Any CPU.Build.0 = Release|Any CPU
		{CB45C8ED-5266-408B-B249-81A2CED8C1C3}.Debug|Any CPU.ActiveCfg = Debug|Any CPU
		{CB45C8ED-5266-408B-B249-81A2CED8C1C3}.Debug|Any CPU.Build.0 = Debug|Any CPU
		{CB45C8ED-5266-408B-B249-81A2CED8C1C3}.Release|Any CPU.ActiveCfg = Release|Any CPU
		{CB45C8ED-5266-408B-B249-81A2CED8C1C3}.Release|Any CPU.Build.0 = Release|Any CPU
		{6B209C48-2490-453B-AD1E-C3525C5DC953}.Debug|Any CPU.ActiveCfg = Debug|Any CPU
		{6B209C48-2490-453B-AD1E-C3525C5DC953}.Debug|Any CPU.Build.0 = Debug|Any CPU
		{6B209C48-2490-453B-AD1E-C3525C5DC953}.Release|Any CPU.ActiveCfg = Release|Any CPU
		{6B209C48-2490-453B-AD1E-C3525C5DC953}.Release|Any CPU.Build.0 = Release|Any CPU
		{E2F4509C-02C1-4D5F-AB4B-22285B604E26}.Debug|Any CPU.ActiveCfg = Debug|Any CPU
		{E2F4509C-02C1-4D5F-AB4B-22285B604E26}.Debug|Any CPU.Build.0 = Debug|Any CPU
		{E2F4509C-02C1-4D5F-AB4B-22285B604E26}.Release|Any CPU.ActiveCfg = Release|Any CPU
		{E2F4509C-02C1-4D5F-AB4B-22285B604E26}.Release|Any CPU.Build.0 = Release|Any CPU
		{D2B6C3C1-2929-4FEA-8D1B-D6BD71511E01}.Debug|Any CPU.ActiveCfg = Debug|Any CPU
		{D2B6C3C1-2929-4FEA-8D1B-D6BD71511E01}.Debug|Any CPU.Build.0 = Debug|Any CPU
		{D2B6C3C1-2929-4FEA-8D1B-D6BD71511E01}.Release|Any CPU.ActiveCfg = Release|Any CPU
		{D2B6C3C1-2929-4FEA-8D1B-D6BD71511E01}.Release|Any CPU.Build.0 = Release|Any CPU
		{F3F5F4DA-1047-40A3-BBD8-A0FBA11FBACF}.Debug|Any CPU.ActiveCfg = Debug|Any CPU
		{F3F5F4DA-1047-40A3-BBD8-A0FBA11FBACF}.Debug|Any CPU.Build.0 = Debug|Any CPU
		{F3F5F4DA-1047-40A3-BBD8-A0FBA11FBACF}.Release|Any CPU.ActiveCfg = Release|Any CPU
		{F3F5F4DA-1047-40A3-BBD8-A0FBA11FBACF}.Release|Any CPU.Build.0 = Release|Any CPU
		{FE7A8E61-7493-4807-A406-8380C75B53A8}.Debug|Any CPU.ActiveCfg = Debug|Any CPU
		{FE7A8E61-7493-4807-A406-8380C75B53A8}.Debug|Any CPU.Build.0 = Debug|Any CPU
		{FE7A8E61-7493-4807-A406-8380C75B53A8}.Release|Any CPU.ActiveCfg = Release|Any CPU
		{FE7A8E61-7493-4807-A406-8380C75B53A8}.Release|Any CPU.Build.0 = Release|Any CPU
		{D19536C8-8FED-4D90-AE83-4EBA07BD712B}.Debug|Any CPU.ActiveCfg = Debug|Any CPU
		{D19536C8-8FED-4D90-AE83-4EBA07BD712B}.Debug|Any CPU.Build.0 = Debug|Any CPU
		{D19536C8-8FED-4D90-AE83-4EBA07BD712B}.Release|Any CPU.ActiveCfg = Release|Any CPU
		{D19536C8-8FED-4D90-AE83-4EBA07BD712B}.Release|Any CPU.Build.0 = Release|Any CPU
	EndGlobalSection
	GlobalSection(NestedProjects) = preSolution
		{D2E4A7E1-9E44-46D9-B43B-1403271B4066} = {3CDFF447-9BE9-41AB-9585-84053666D587}
		{CB45C8ED-5266-408B-B249-81A2CED8C1C3} = {3CDFF447-9BE9-41AB-9585-84053666D587}
		{6B209C48-2490-453B-AD1E-C3525C5DC953} = {3CDFF447-9BE9-41AB-9585-84053666D587}
		{F3F5F4DA-1047-40A3-BBD8-A0FBA11FBACF} = {C47C09B0-0EDD-4994-B6CD-A5FD23474273}
		{D19536C8-8FED-4D90-AE83-4EBA07BD712B} = {C47C09B0-0EDD-4994-B6CD-A5FD23474273}
	EndGlobalSection
EndGlobal
