
Microsoft Visual Studio Solution File, Format Version 12.00
# Visual Studio Version 17
VisualStudioVersion = 17.5.002.0
MinimumVisualStudioVersion = 10.0.40219.1
Project("{9A19103F-16F7-4668-BE54-9A1E7A4F7556}") = "Scalar.Demo", "demo\Scalar.Demo.csproj", "{B45375A6-862D-4743-9EDA-21A309A1F0CC}"
EndProject
Global
	GlobalSection(SolutionConfigurationPlatforms) = preSolution
		Debug|Any CPU = Debug|Any CPU
		Release|Any CPU = Release|Any CPU
	EndGlobalSection
	GlobalSection(ProjectConfigurationPlatforms) = postSolution
		{B45375A6-862D-4743-9EDA-21A309A1F0CC}.Debug|Any CPU.ActiveCfg = Debug|Any CPU
		{B45375A6-862D-4743-9EDA-21A309A1F0CC}.Debug|Any CPU.Build.0 = Debug|Any CPU
		{B45375A6-862D-4743-9EDA-21A309A1F0CC}.Release|Any CPU.ActiveCfg = Release|Any CPU
		{B45375A6-862D-4743-9EDA-21A309A1F0CC}.Release|Any CPU.Build.0 = Release|Any CPU
	EndGlobalSection
	GlobalSection(SolutionProperties) = preSolution
		HideSolutionNode = FALSE
	EndGlobalSection
	GlobalSection(ExtensibilityGlobals) = postSolution
		SolutionGuid = {945357D0-5910-4FE4-96BA-FB2BA86D9FAA}
	EndGlobalSection
EndGlobal
