<Solution>
	<Project Path="errors\playground\Nist.Errors.Playground.csproj" />
	<Project Path="errors\lib\Nist.Errors.csproj" />
	<Project Path="websockets\dotnet\playground\Playground.WebSockets.csproj" />
	<Project Path="websockets\dotnet\lib\Nist.WebSockets.csproj" />
	<Project Path="templates\main\protocol\Template.Protocol.csproj" />
	<Project Path="templates\main\host\Template.Host.csproj" />
	<Project Path="templates\main\tests\Template.Tests.csproj" />
	<Project Path="logging\dotnet\io\lib\Nist.Logs.csproj" />
	<Project Path="webhooks\dump\lib\Nist.Webhooks.Dump.csproj" />
	<Project Path="webhooks\send\lib\Nist.Webhooks.Sender.csproj" />
	<Project Path="bodies\lib\Nist.Bodies.csproj" />
	<Project Path="webhooks\dump\playground\Nist.Webhooks.Dump.Playground.csproj" />
	<Project Path="proxy\dotnet\lib\Nist.Proxy.csproj" />
	<Project Path="proxy\dotnet\playground\Nist.Proxy.Playground.csproj" />
	<Project Path="registration\lib\Nist.Registration.csproj" />
	<Project Path="responses\lib\Nist.Responses.csproj" />
	<Project Path="proxy\dotnet\tests\Nist.Proxy.Tests.csproj" />
	<Project Path="webhooks\send\playground\Nist.Webhook.Sender.Playground.csproj" />
	<Project Path="webhooks\send\tests\Nist.Webhooks.Sender.Tests.csproj" />
	<Project Path="queries\lib\Nist.Queries.csproj" />
	<Project Path="queries\tests\Nist.Queries.Tests.csproj" />
	<Project Path="queries\include\lib\Nist.Queries.Include.csproj" />
	<Project Path="queries\include\playground\Nist.Queries.Include.Playground.csproj" />
	<Project Path="queries\playground\Nist.Queries.Playground.csproj" />
	<Project Path="queries\include\tests\Nist.Queries.Include.Tests.csproj" />
	<Project Path="errors\validations\playground\Nist.Errors.Validations.Playground.csproj" />
	<Project Path="webhooks\playground\Nist.Webhooks.Playground.csproj" />
	<Project Path="queries\sort\lib\Nist.Queries.Sort.csproj" />
	<Project Path="enums\play\Nist.Enums.Playground.csproj" />
	<Project Path="enums\openapi\play\Nist.Enums.OpenApi.Playground.csproj" />
	<Project Path="enums\openapi\lib\Nist.Enums.OpenApi.csproj" />
	<Project Path="crud\play\Nist.Crud.Playground.csproj" />
	<Project Path="client\requests\play\Nist.Requests.Playground.csproj" />
	<Project Path="client\requests\lib\Nist.Requests.csproj" />
</Solution>
