
Microsoft Visual Studio Solution File, Format Version 12.00
# Visual Studio Version 17
VisualStudioVersion = 17.0.31903.59
MinimumVisualStudioVersion = 10.0.40219.1
Project("{2150E333-8FDC-42A3-9474-1A3956D46DE8}") = "errors", "errors", "{AA026DC3-ACA9-418C-9D5F-C0FA54F764CA}"
EndProject
Project("{FAE04EC0-301F-11D3-BF4B-00C04F79EFBC}") = "Nist.Errors.Playground", "errors\playground\Nist.Errors.Playground.csproj", "{3448B6A0-78B9-4F52-A971-9407F9B331CF}"
EndProject
Project("{FAE04EC0-301F-11D3-BF4B-00C04F79EFBC}") = "Nist.Errors", "errors\lib\Nist.Errors.csproj", "{65C9AFED-F255-4743-BBE7-2ED2E488F05D}"
EndProject
Project("{2150E333-8FDC-42A3-9474-1A3956D46DE8}") = "websockets", "websockets", "{B1CFABB9-9703-4B35-9FBD-119234DF5101}"
EndProject
Project("{2150E333-8FDC-42A3-9474-1A3956D46DE8}") = "dotnet", "dotnet", "{53E0C99D-9D72-4B96-9168-5AB070F1EF9C}"
EndProject
Project("{FAE04EC0-301F-11D3-BF4B-00C04F79EFBC}") = "Playground.WebSockets", "websockets\dotnet\playground\Playground.WebSockets.csproj", "{5150ABCD-009A-4F38-B8CE-5DF57E4F8903}"
EndProject
Project("{FAE04EC0-301F-11D3-BF4B-00C04F79EFBC}") = "Nist.WebSockets", "websockets\dotnet\lib\Nist.WebSockets.csproj", "{4087A0DA-9ED1-4728-A3E1-D6D6A8E7FCB9}"
EndProject
Project("{2150E333-8FDC-42A3-9474-1A3956D46DE8}") = "templates", "templates", "{2B1FFDA1-2C40-4010-A8C0-A78752784998}"
EndProject
Project("{FAE04EC0-301F-11D3-BF4B-00C04F79EFBC}") = "Template.Protocol", "templates\main\protocol\Template.Protocol.csproj", "{69BA86C5-61A4-4C61-957E-ACCC5612E12C}"
EndProject
Project("{FAE04EC0-301F-11D3-BF4B-00C04F79EFBC}") = "Template.Host", "templates\main\host\Template.Host.csproj", "{0CD11C7E-B1B5-499C-A97E-B5BCE9A5806A}"
EndProject
Project("{FAE04EC0-301F-11D3-BF4B-00C04F79EFBC}") = "Template.Tests", "templates\main\tests\Template.Tests.csproj", "{DCB2F289-7CF2-4EA4-8C22-BEFA3109B3E3}"
EndProject
Project("{2150E333-8FDC-42A3-9474-1A3956D46DE8}") = "logging", "logging", "{51CCC18E-8103-4031-A31C-EE3097946B4A}"
EndProject
Project("{2150E333-8FDC-42A3-9474-1A3956D46DE8}") = "io", "io", "{45D49346-A1EC-4C9B-AC1B-0A2735A40B99}"
EndProject
Project("{FAE04EC0-301F-11D3-BF4B-00C04F79EFBC}") = "Nist.Logs", "logging\dotnet\io\lib\Nist.Logs.csproj", "{0336C795-38E1-4278-BBFF-EA9205DCEE10}"
EndProject
Project("{2150E333-8FDC-42A3-9474-1A3956D46DE8}") = "webhooks", "webhooks", "{80986F3E-256A-4186-B2FC-44F932FAEDEE}"
EndProject
Project("{2150E333-8FDC-42A3-9474-1A3956D46DE8}") = "dump", "dump", "{BBAE48E8-3CAF-4E58-95D4-1B8D8C6202CB}"
EndProject
Project("{FAE04EC0-301F-11D3-BF4B-00C04F79EFBC}") = "Nist.Webhooks.Dump", "webhooks\dump\lib\Nist.Webhooks.Dump.csproj", "{CBDE7E9E-76BB-4A64-940C-3D2F06782A09}"
EndProject
Project("{2150E333-8FDC-42A3-9474-1A3956D46DE8}") = "send", "send", "{9F87D931-2A57-4C0E-9E28-22EE758171D0}"
EndProject
Project("{FAE04EC0-301F-11D3-BF4B-00C04F79EFBC}") = "Nist.Webhooks.Sender", "webhooks\send\lib\Nist.Webhooks.Sender.csproj", "{DEF76DCF-DE6C-4E87-B247-D6841F75B8F0}"
EndProject
Project("{2150E333-8FDC-42A3-9474-1A3956D46DE8}") = "bodies", "bodies", "{FAAF0C92-65CB-4284-AAF0-3ACD40E42C0E}"
EndProject
Project("{FAE04EC0-301F-11D3-BF4B-00C04F79EFBC}") = "Nist.Bodies", "bodies\lib\Nist.Bodies.csproj", "{A294EA1A-2CAE-4006-B317-755A6DF60E47}"
EndProject
Project("{FAE04EC0-301F-11D3-BF4B-00C04F79EFBC}") = "Nist.Webhooks.Dump.Playground", "webhooks\dump\playground\Nist.Webhooks.Dump.Playground.csproj", "{7BA9F793-8493-4F60-A7C4-50B435A19B63}"
EndProject
Project("{2150E333-8FDC-42A3-9474-1A3956D46DE8}") = "proxy", "proxy", "{DA0F6345-2D0B-427A-95B1-FD36E76E0212}"
EndProject
Project("{FAE04EC0-301F-11D3-BF4B-00C04F79EFBC}") = "Nist.Proxy", "proxy\dotnet\lib\Nist.Proxy.csproj", "{AF6CF97D-696C-4071-9332-0F5CC2F38B97}"
EndProject
Project("{FAE04EC0-301F-11D3-BF4B-00C04F79EFBC}") = "Nist.Proxy.Playground", "proxy\dotnet\playground\Nist.Proxy.Playground.csproj", "{ADA3B7D5-E3E6-4F68-918E-B4DAD059A9F3}"
EndProject
Project("{2150E333-8FDC-42A3-9474-1A3956D46DE8}") = "registration", "registration", "{276BB62C-BE75-4B97-B56D-17C047858039}"
EndProject
Project("{FAE04EC0-301F-11D3-BF4B-00C04F79EFBC}") = "Nist.Registration", "registration\lib\Nist.Registration.csproj", "{C74C2F26-7F4D-45FA-9D4E-22D745E677D3}"
EndProject
Project("{2150E333-8FDC-42A3-9474-1A3956D46DE8}") = "responses", "responses", "{230574B4-9AC7-44CC-9DFD-FFA367356379}"
EndProject
Project("{FAE04EC0-301F-11D3-BF4B-00C04F79EFBC}") = "Nist.Responses", "responses\lib\Nist.Responses.csproj", "{3D2342D2-81CD-4B92-89A0-62F504205B07}"
EndProject
Project("{2150E333-8FDC-42A3-9474-1A3956D46DE8}") = "dotnet", "dotnet", "{23CD4903-6234-4603-ABA4-ECE8DAD2C38B}"
EndProject
Project("{FAE04EC0-301F-11D3-BF4B-00C04F79EFBC}") = "Nist.Proxy.Tests", "proxy\dotnet\tests\Nist.Proxy.Tests.csproj", "{AD3144EF-31F1-4795-940C-249257BAFEF7}"
EndProject
Project("{FAE04EC0-301F-11D3-BF4B-00C04F79EFBC}") = "Nist.Webhook.Sender.Playground", "webhooks\send\playground\Nist.Webhook.Sender.Playground.csproj", "{9BA28776-A8DD-44FF-AF05-9208FAC4AA27}"
EndProject
Project("{FAE04EC0-301F-11D3-BF4B-00C04F79EFBC}") = "Nist.Webhooks.Sender.Tests", "webhooks\send\tests\Nist.Webhooks.Sender.Tests.csproj", "{2A3C17CF-2FDB-46F5-B974-C7EB224393D1}"
EndProject
Project("{2150E333-8FDC-42A3-9474-1A3956D46DE8}") = "queries", "queries", "{BCA25828-4837-4C8D-94D4-467E6FBF47F1}"
EndProject
Project("{FAE04EC0-301F-11D3-BF4B-00C04F79EFBC}") = "Nist.Queries", "queries\lib\Nist.Queries.csproj", "{62737FB5-78BA-4377-B762-BBAB499BB0A7}"
EndProject
Project("{FAE04EC0-301F-11D3-BF4B-00C04F79EFBC}") = "Nist.Queries.Tests", "queries\tests\Nist.Queries.Tests.csproj", "{B6E74310-7B34-4847-ADCC-FCBBDA7079D6}"
EndProject
Project("{2150E333-8FDC-42A3-9474-1A3956D46DE8}") = "include", "include", "{072844CE-8ECE-4EA8-8382-006CEE164DCF}"
EndProject
Project("{FAE04EC0-301F-11D3-BF4B-00C04F79EFBC}") = "Nist.Queries.Include", "queries\include\lib\Nist.Queries.Include.csproj", "{CFF59D8A-CDED-4E88-93DD-2D852E7811A7}"
EndProject
Project("{FAE04EC0-301F-11D3-BF4B-00C04F79EFBC}") = "Nist.Queries.Include.Playground", "queries\include\playground\Nist.Queries.Include.Playground.csproj", "{31D9A9D7-DD47-418A-9B64-3A32CB6BB2B6}"
EndProject
Project("{FAE04EC0-301F-11D3-BF4B-00C04F79EFBC}") = "Nist.Queries.Playground", "queries\playground\Nist.Queries.Playground.csproj", "{4C3B2AE1-DA4C-43B6-A307-352465325FC9}"
EndProject
Project("{FAE04EC0-301F-11D3-BF4B-00C04F79EFBC}") = "Nist.Queries.Include.Tests", "queries\include\tests\Nist.Queries.Include.Tests.csproj", "{BB795FA7-9D7B-4BD8-B5E9-37A24ED28B22}"
EndProject
Project("{2150E333-8FDC-42A3-9474-1A3956D46DE8}") = "validations", "validations", "{24EE0E80-2D7C-4FAA-8A9B-F9E473AFFAEA}"
EndProject
Project("{FAE04EC0-301F-11D3-BF4B-00C04F79EFBC}") = "Nist.Errors.Validations.Playground", "errors\validations\playground\Nist.Errors.Validations.Playground.csproj", "{AF890AD0-FEED-447C-9D37-099AC5A54104}"
EndProject
Project("{FAE04EC0-301F-11D3-BF4B-00C04F79EFBC}") = "Nist.Webhooks.Playground", "webhooks\playground\Nist.Webhooks.Playground.csproj", "{A057CB41-AB5A-4110-A684-25E1BB58F81F}"
EndProject
Project("{FAE04EC0-301F-11D3-BF4B-00C04F79EFBC}") = "Nist.Template.Playground", "templates\playground\Nist.Template.Playground.csproj", "{40E8A8DC-A8C7-4F05-9DCE-632D72E3C834}"
EndProject
Project("{2150E333-8FDC-42A3-9474-1A3956D46DE8}") = "telemetry", "telemetry", "{D0808B60-0179-4B84-B1CD-0330AFD573ED}"
EndProject
Project("{FAE04EC0-301F-11D3-BF4B-00C04F79EFBC}") = "Nist.Telemetry.Playground", "telemetry\play\Nist.Telemetry.Playground.csproj", "{72430921-D25C-41DD-9832-2DBB0E4D2CEC}"
EndProject
Project("{2150E333-8FDC-42A3-9474-1A3956D46DE8}") = "sort", "sort", "{6F707302-6623-4CF1-8AE5-D533C6231FD3}"
EndProject
Project("{FAE04EC0-301F-11D3-BF4B-00C04F79EFBC}") = "Nist.Queries.Sort", "queries\sort\lib\Nist.Queries.Sort.csproj", "{CCFF4A94-95DD-435C-A4C6-31178A823B54}"
EndProject
Global
	GlobalSection(SolutionConfigurationPlatforms) = preSolution
		Debug|Any CPU = Debug|Any CPU
		Release|Any CPU = Release|Any CPU
	EndGlobalSection
	GlobalSection(SolutionProperties) = preSolution
		HideSolutionNode = FALSE
	EndGlobalSection
	GlobalSection(ProjectConfigurationPlatforms) = postSolution
		{3448B6A0-78B9-4F52-A971-9407F9B331CF}.Debug|Any CPU.ActiveCfg = Debug|Any CPU
		{3448B6A0-78B9-4F52-A971-9407F9B331CF}.Debug|Any CPU.Build.0 = Debug|Any CPU
		{3448B6A0-78B9-4F52-A971-9407F9B331CF}.Release|Any CPU.ActiveCfg = Release|Any CPU
		{3448B6A0-78B9-4F52-A971-9407F9B331CF}.Release|Any CPU.Build.0 = Release|Any CPU
		{65C9AFED-F255-4743-BBE7-2ED2E488F05D}.Debug|Any CPU.ActiveCfg = Debug|Any CPU
		{65C9AFED-F255-4743-BBE7-2ED2E488F05D}.Debug|Any CPU.Build.0 = Debug|Any CPU
		{65C9AFED-F255-4743-BBE7-2ED2E488F05D}.Release|Any CPU.ActiveCfg = Release|Any CPU
		{65C9AFED-F255-4743-BBE7-2ED2E488F05D}.Release|Any CPU.Build.0 = Release|Any CPU
		{5150ABCD-009A-4F38-B8CE-5DF57E4F8903}.Debug|Any CPU.ActiveCfg = Debug|Any CPU
		{5150ABCD-009A-4F38-B8CE-5DF57E4F8903}.Debug|Any CPU.Build.0 = Debug|Any CPU
		{5150ABCD-009A-4F38-B8CE-5DF57E4F8903}.Release|Any CPU.ActiveCfg = Release|Any CPU
		{5150ABCD-009A-4F38-B8CE-5DF57E4F8903}.Release|Any CPU.Build.0 = Release|Any CPU
		{4087A0DA-9ED1-4728-A3E1-D6D6A8E7FCB9}.Debug|Any CPU.ActiveCfg = Debug|Any CPU
		{4087A0DA-9ED1-4728-A3E1-D6D6A8E7FCB9}.Debug|Any CPU.Build.0 = Debug|Any CPU
		{4087A0DA-9ED1-4728-A3E1-D6D6A8E7FCB9}.Release|Any CPU.ActiveCfg = Release|Any CPU
		{4087A0DA-9ED1-4728-A3E1-D6D6A8E7FCB9}.Release|Any CPU.Build.0 = Release|Any CPU
		{69BA86C5-61A4-4C61-957E-ACCC5612E12C}.Debug|Any CPU.ActiveCfg = Debug|Any CPU
		{69BA86C5-61A4-4C61-957E-ACCC5612E12C}.Debug|Any CPU.Build.0 = Debug|Any CPU
		{69BA86C5-61A4-4C61-957E-ACCC5612E12C}.Release|Any CPU.ActiveCfg = Release|Any CPU
		{69BA86C5-61A4-4C61-957E-ACCC5612E12C}.Release|Any CPU.Build.0 = Release|Any CPU
		{0CD11C7E-B1B5-499C-A97E-B5BCE9A5806A}.Debug|Any CPU.ActiveCfg = Debug|Any CPU
		{0CD11C7E-B1B5-499C-A97E-B5BCE9A5806A}.Debug|Any CPU.Build.0 = Debug|Any CPU
		{0CD11C7E-B1B5-499C-A97E-B5BCE9A5806A}.Release|Any CPU.ActiveCfg = Release|Any CPU
		{0CD11C7E-B1B5-499C-A97E-B5BCE9A5806A}.Release|Any CPU.Build.0 = Release|Any CPU
		{DCB2F289-7CF2-4EA4-8C22-BEFA3109B3E3}.Debug|Any CPU.ActiveCfg = Debug|Any CPU
		{DCB2F289-7CF2-4EA4-8C22-BEFA3109B3E3}.Debug|Any CPU.Build.0 = Debug|Any CPU
		{DCB2F289-7CF2-4EA4-8C22-BEFA3109B3E3}.Release|Any CPU.ActiveCfg = Release|Any CPU
		{DCB2F289-7CF2-4EA4-8C22-BEFA3109B3E3}.Release|Any CPU.Build.0 = Release|Any CPU
		{0336C795-38E1-4278-BBFF-EA9205DCEE10}.Debug|Any CPU.ActiveCfg = Debug|Any CPU
		{0336C795-38E1-4278-BBFF-EA9205DCEE10}.Debug|Any CPU.Build.0 = Debug|Any CPU
		{0336C795-38E1-4278-BBFF-EA9205DCEE10}.Release|Any CPU.ActiveCfg = Release|Any CPU
		{0336C795-38E1-4278-BBFF-EA9205DCEE10}.Release|Any CPU.Build.0 = Release|Any CPU
		{CBDE7E9E-76BB-4A64-940C-3D2F06782A09}.Debug|Any CPU.ActiveCfg = Debug|Any CPU
		{CBDE7E9E-76BB-4A64-940C-3D2F06782A09}.Debug|Any CPU.Build.0 = Debug|Any CPU
		{CBDE7E9E-76BB-4A64-940C-3D2F06782A09}.Release|Any CPU.ActiveCfg = Release|Any CPU
		{CBDE7E9E-76BB-4A64-940C-3D2F06782A09}.Release|Any CPU.Build.0 = Release|Any CPU
		{DEF76DCF-DE6C-4E87-B247-D6841F75B8F0}.Debug|Any CPU.ActiveCfg = Debug|Any CPU
		{DEF76DCF-DE6C-4E87-B247-D6841F75B8F0}.Debug|Any CPU.Build.0 = Debug|Any CPU
		{DEF76DCF-DE6C-4E87-B247-D6841F75B8F0}.Release|Any CPU.ActiveCfg = Release|Any CPU
		{DEF76DCF-DE6C-4E87-B247-D6841F75B8F0}.Release|Any CPU.Build.0 = Release|Any CPU
		{21D90A7E-21E1-4A8C-B211-9AF0DFFAB1AC}.Debug|Any CPU.ActiveCfg = Debug|Any CPU
		{21D90A7E-21E1-4A8C-B211-9AF0DFFAB1AC}.Debug|Any CPU.Build.0 = Debug|Any CPU
		{21D90A7E-21E1-4A8C-B211-9AF0DFFAB1AC}.Release|Any CPU.ActiveCfg = Release|Any CPU
		{21D90A7E-21E1-4A8C-B211-9AF0DFFAB1AC}.Release|Any CPU.Build.0 = Release|Any CPU
		{A294EA1A-2CAE-4006-B317-755A6DF60E47}.Debug|Any CPU.ActiveCfg = Debug|Any CPU
		{A294EA1A-2CAE-4006-B317-755A6DF60E47}.Debug|Any CPU.Build.0 = Debug|Any CPU
		{A294EA1A-2CAE-4006-B317-755A6DF60E47}.Release|Any CPU.ActiveCfg = Release|Any CPU
		{A294EA1A-2CAE-4006-B317-755A6DF60E47}.Release|Any CPU.Build.0 = Release|Any CPU
		{7BA9F793-8493-4F60-A7C4-50B435A19B63}.Debug|Any CPU.ActiveCfg = Debug|Any CPU
		{7BA9F793-8493-4F60-A7C4-50B435A19B63}.Debug|Any CPU.Build.0 = Debug|Any CPU
		{7BA9F793-8493-4F60-A7C4-50B435A19B63}.Release|Any CPU.ActiveCfg = Release|Any CPU
		{7BA9F793-8493-4F60-A7C4-50B435A19B63}.Release|Any CPU.Build.0 = Release|Any CPU
		{AF6CF97D-696C-4071-9332-0F5CC2F38B97}.Debug|Any CPU.ActiveCfg = Debug|Any CPU
		{AF6CF97D-696C-4071-9332-0F5CC2F38B97}.Debug|Any CPU.Build.0 = Debug|Any CPU
		{AF6CF97D-696C-4071-9332-0F5CC2F38B97}.Release|Any CPU.ActiveCfg = Release|Any CPU
		{AF6CF97D-696C-4071-9332-0F5CC2F38B97}.Release|Any CPU.Build.0 = Release|Any CPU
		{ADA3B7D5-E3E6-4F68-918E-B4DAD059A9F3}.Debug|Any CPU.ActiveCfg = Debug|Any CPU
		{ADA3B7D5-E3E6-4F68-918E-B4DAD059A9F3}.Debug|Any CPU.Build.0 = Debug|Any CPU
		{ADA3B7D5-E3E6-4F68-918E-B4DAD059A9F3}.Release|Any CPU.ActiveCfg = Release|Any CPU
		{ADA3B7D5-E3E6-4F68-918E-B4DAD059A9F3}.Release|Any CPU.Build.0 = Release|Any CPU
		{C74C2F26-7F4D-45FA-9D4E-22D745E677D3}.Debug|Any CPU.ActiveCfg = Debug|Any CPU
		{C74C2F26-7F4D-45FA-9D4E-22D745E677D3}.Debug|Any CPU.Build.0 = Debug|Any CPU
		{C74C2F26-7F4D-45FA-9D4E-22D745E677D3}.Release|Any CPU.ActiveCfg = Release|Any CPU
		{C74C2F26-7F4D-45FA-9D4E-22D745E677D3}.Release|Any CPU.Build.0 = Release|Any CPU
		{3D2342D2-81CD-4B92-89A0-62F504205B07}.Debug|Any CPU.ActiveCfg = Debug|Any CPU
		{3D2342D2-81CD-4B92-89A0-62F504205B07}.Debug|Any CPU.Build.0 = Debug|Any CPU
		{3D2342D2-81CD-4B92-89A0-62F504205B07}.Release|Any CPU.ActiveCfg = Release|Any CPU
		{3D2342D2-81CD-4B92-89A0-62F504205B07}.Release|Any CPU.Build.0 = Release|Any CPU
		{AD3144EF-31F1-4795-940C-249257BAFEF7}.Debug|Any CPU.ActiveCfg = Debug|Any CPU
		{AD3144EF-31F1-4795-940C-249257BAFEF7}.Debug|Any CPU.Build.0 = Debug|Any CPU
		{AD3144EF-31F1-4795-940C-249257BAFEF7}.Release|Any CPU.ActiveCfg = Release|Any CPU
		{AD3144EF-31F1-4795-940C-249257BAFEF7}.Release|Any CPU.Build.0 = Release|Any CPU
		{9BA28776-A8DD-44FF-AF05-9208FAC4AA27}.Debug|Any CPU.ActiveCfg = Debug|Any CPU
		{9BA28776-A8DD-44FF-AF05-9208FAC4AA27}.Debug|Any CPU.Build.0 = Debug|Any CPU
		{9BA28776-A8DD-44FF-AF05-9208FAC4AA27}.Release|Any CPU.ActiveCfg = Release|Any CPU
		{9BA28776-A8DD-44FF-AF05-9208FAC4AA27}.Release|Any CPU.Build.0 = Release|Any CPU
		{2A3C17CF-2FDB-46F5-B974-C7EB224393D1}.Debug|Any CPU.ActiveCfg = Debug|Any CPU
		{2A3C17CF-2FDB-46F5-B974-C7EB224393D1}.Debug|Any CPU.Build.0 = Debug|Any CPU
		{2A3C17CF-2FDB-46F5-B974-C7EB224393D1}.Release|Any CPU.ActiveCfg = Release|Any CPU
		{2A3C17CF-2FDB-46F5-B974-C7EB224393D1}.Release|Any CPU.Build.0 = Release|Any CPU
		{62737FB5-78BA-4377-B762-BBAB499BB0A7}.Debug|Any CPU.ActiveCfg = Debug|Any CPU
		{62737FB5-78BA-4377-B762-BBAB499BB0A7}.Debug|Any CPU.Build.0 = Debug|Any CPU
		{62737FB5-78BA-4377-B762-BBAB499BB0A7}.Release|Any CPU.ActiveCfg = Release|Any CPU
		{62737FB5-78BA-4377-B762-BBAB499BB0A7}.Release|Any CPU.Build.0 = Release|Any CPU
		{B6E74310-7B34-4847-ADCC-FCBBDA7079D6}.Debug|Any CPU.ActiveCfg = Debug|Any CPU
		{B6E74310-7B34-4847-ADCC-FCBBDA7079D6}.Debug|Any CPU.Build.0 = Debug|Any CPU
		{B6E74310-7B34-4847-ADCC-FCBBDA7079D6}.Release|Any CPU.ActiveCfg = Release|Any CPU
		{B6E74310-7B34-4847-ADCC-FCBBDA7079D6}.Release|Any CPU.Build.0 = Release|Any CPU
		{CFF59D8A-CDED-4E88-93DD-2D852E7811A7}.Debug|Any CPU.ActiveCfg = Debug|Any CPU
		{CFF59D8A-CDED-4E88-93DD-2D852E7811A7}.Debug|Any CPU.Build.0 = Debug|Any CPU
		{CFF59D8A-CDED-4E88-93DD-2D852E7811A7}.Release|Any CPU.ActiveCfg = Release|Any CPU
		{CFF59D8A-CDED-4E88-93DD-2D852E7811A7}.Release|Any CPU.Build.0 = Release|Any CPU
		{31D9A9D7-DD47-418A-9B64-3A32CB6BB2B6}.Debug|Any CPU.ActiveCfg = Debug|Any CPU
		{31D9A9D7-DD47-418A-9B64-3A32CB6BB2B6}.Debug|Any CPU.Build.0 = Debug|Any CPU
		{31D9A9D7-DD47-418A-9B64-3A32CB6BB2B6}.Release|Any CPU.ActiveCfg = Release|Any CPU
		{31D9A9D7-DD47-418A-9B64-3A32CB6BB2B6}.Release|Any CPU.Build.0 = Release|Any CPU
		{4C3B2AE1-DA4C-43B6-A307-352465325FC9}.Debug|Any CPU.ActiveCfg = Debug|Any CPU
		{4C3B2AE1-DA4C-43B6-A307-352465325FC9}.Debug|Any CPU.Build.0 = Debug|Any CPU
		{4C3B2AE1-DA4C-43B6-A307-352465325FC9}.Release|Any CPU.ActiveCfg = Release|Any CPU
		{4C3B2AE1-DA4C-43B6-A307-352465325FC9}.Release|Any CPU.Build.0 = Release|Any CPU
		{BB795FA7-9D7B-4BD8-B5E9-37A24ED28B22}.Debug|Any CPU.ActiveCfg = Debug|Any CPU
		{BB795FA7-9D7B-4BD8-B5E9-37A24ED28B22}.Debug|Any CPU.Build.0 = Debug|Any CPU
		{BB795FA7-9D7B-4BD8-B5E9-37A24ED28B22}.Release|Any CPU.ActiveCfg = Release|Any CPU
		{BB795FA7-9D7B-4BD8-B5E9-37A24ED28B22}.Release|Any CPU.Build.0 = Release|Any CPU
		{AF890AD0-FEED-447C-9D37-099AC5A54104}.Debug|Any CPU.ActiveCfg = Debug|Any CPU
		{AF890AD0-FEED-447C-9D37-099AC5A54104}.Debug|Any CPU.Build.0 = Debug|Any CPU
		{AF890AD0-FEED-447C-9D37-099AC5A54104}.Release|Any CPU.ActiveCfg = Release|Any CPU
		{AF890AD0-FEED-447C-9D37-099AC5A54104}.Release|Any CPU.Build.0 = Release|Any CPU
		{6880295B-7275-4735-A651-6B22FD585A21}.Debug|Any CPU.ActiveCfg = Debug|Any CPU
		{6880295B-7275-4735-A651-6B22FD585A21}.Debug|Any CPU.Build.0 = Debug|Any CPU
		{6880295B-7275-4735-A651-6B22FD585A21}.Release|Any CPU.ActiveCfg = Release|Any CPU
		{6880295B-7275-4735-A651-6B22FD585A21}.Release|Any CPU.Build.0 = Release|Any CPU
		{A057CB41-AB5A-4110-A684-25E1BB58F81F}.Debug|Any CPU.ActiveCfg = Debug|Any CPU
		{A057CB41-AB5A-4110-A684-25E1BB58F81F}.Debug|Any CPU.Build.0 = Debug|Any CPU
		{A057CB41-AB5A-4110-A684-25E1BB58F81F}.Release|Any CPU.ActiveCfg = Release|Any CPU
		{A057CB41-AB5A-4110-A684-25E1BB58F81F}.Release|Any CPU.Build.0 = Release|Any CPU
		{40E8A8DC-A8C7-4F05-9DCE-632D72E3C834}.Debug|Any CPU.ActiveCfg = Debug|Any CPU
		{40E8A8DC-A8C7-4F05-9DCE-632D72E3C834}.Debug|Any CPU.Build.0 = Debug|Any CPU
		{40E8A8DC-A8C7-4F05-9DCE-632D72E3C834}.Release|Any CPU.ActiveCfg = Release|Any CPU
		{40E8A8DC-A8C7-4F05-9DCE-632D72E3C834}.Release|Any CPU.Build.0 = Release|Any CPU
		{72430921-D25C-41DD-9832-2DBB0E4D2CEC}.Debug|Any CPU.ActiveCfg = Debug|Any CPU
		{72430921-D25C-41DD-9832-2DBB0E4D2CEC}.Debug|Any CPU.Build.0 = Debug|Any CPU
		{72430921-D25C-41DD-9832-2DBB0E4D2CEC}.Release|Any CPU.ActiveCfg = Release|Any CPU
		{72430921-D25C-41DD-9832-2DBB0E4D2CEC}.Release|Any CPU.Build.0 = Release|Any CPU
		{CCFF4A94-95DD-435C-A4C6-31178A823B54}.Debug|Any CPU.ActiveCfg = Debug|Any CPU
		{CCFF4A94-95DD-435C-A4C6-31178A823B54}.Debug|Any CPU.Build.0 = Debug|Any CPU
		{CCFF4A94-95DD-435C-A4C6-31178A823B54}.Release|Any CPU.ActiveCfg = Release|Any CPU
		{CCFF4A94-95DD-435C-A4C6-31178A823B54}.Release|Any CPU.Build.0 = Release|Any CPU
	EndGlobalSection
	GlobalSection(NestedProjects) = preSolution
		{3448B6A0-78B9-4F52-A971-9407F9B331CF} = {AA026DC3-ACA9-418C-9D5F-C0FA54F764CA}
		{65C9AFED-F255-4743-BBE7-2ED2E488F05D} = {AA026DC3-ACA9-418C-9D5F-C0FA54F764CA}
		{53E0C99D-9D72-4B96-9168-5AB070F1EF9C} = {B1CFABB9-9703-4B35-9FBD-119234DF5101}
		{5150ABCD-009A-4F38-B8CE-5DF57E4F8903} = {53E0C99D-9D72-4B96-9168-5AB070F1EF9C}
		{4087A0DA-9ED1-4728-A3E1-D6D6A8E7FCB9} = {53E0C99D-9D72-4B96-9168-5AB070F1EF9C}
		{0CD11C7E-B1B5-499C-A97E-B5BCE9A5806A} = {2B1FFDA1-2C40-4010-A8C0-A78752784998}
		{69BA86C5-61A4-4C61-957E-ACCC5612E12C} = {2B1FFDA1-2C40-4010-A8C0-A78752784998}
		{DCB2F289-7CF2-4EA4-8C22-BEFA3109B3E3} = {2B1FFDA1-2C40-4010-A8C0-A78752784998}
		{0336C795-38E1-4278-BBFF-EA9205DCEE10} = {45D49346-A1EC-4C9B-AC1B-0A2735A40B99}
		{BBAE48E8-3CAF-4E58-95D4-1B8D8C6202CB} = {80986F3E-256A-4186-B2FC-44F932FAEDEE}
		{CBDE7E9E-76BB-4A64-940C-3D2F06782A09} = {BBAE48E8-3CAF-4E58-95D4-1B8D8C6202CB}
		{9F87D931-2A57-4C0E-9E28-22EE758171D0} = {80986F3E-256A-4186-B2FC-44F932FAEDEE}
		{DEF76DCF-DE6C-4E87-B247-D6841F75B8F0} = {9F87D931-2A57-4C0E-9E28-22EE758171D0}
		{A294EA1A-2CAE-4006-B317-755A6DF60E47} = {FAAF0C92-65CB-4284-AAF0-3ACD40E42C0E}
		{7BA9F793-8493-4F60-A7C4-50B435A19B63} = {BBAE48E8-3CAF-4E58-95D4-1B8D8C6202CB}
		{AF6CF97D-696C-4071-9332-0F5CC2F38B97} = {DA0F6345-2D0B-427A-95B1-FD36E76E0212}
		{ADA3B7D5-E3E6-4F68-918E-B4DAD059A9F3} = {DA0F6345-2D0B-427A-95B1-FD36E76E0212}
		{45D49346-A1EC-4C9B-AC1B-0A2735A40B99} = {51CCC18E-8103-4031-A31C-EE3097946B4A}
		{C74C2F26-7F4D-45FA-9D4E-22D745E677D3} = {276BB62C-BE75-4B97-B56D-17C047858039}
		{3D2342D2-81CD-4B92-89A0-62F504205B07} = {230574B4-9AC7-44CC-9DFD-FFA367356379}
		{23CD4903-6234-4603-ABA4-ECE8DAD2C38B} = {DA0F6345-2D0B-427A-95B1-FD36E76E0212}
		{AD3144EF-31F1-4795-940C-249257BAFEF7} = {23CD4903-6234-4603-ABA4-ECE8DAD2C38B}
		{9BA28776-A8DD-44FF-AF05-9208FAC4AA27} = {9F87D931-2A57-4C0E-9E28-22EE758171D0}
		{2A3C17CF-2FDB-46F5-B974-C7EB224393D1} = {9F87D931-2A57-4C0E-9E28-22EE758171D0}
		{62737FB5-78BA-4377-B762-BBAB499BB0A7} = {BCA25828-4837-4C8D-94D4-467E6FBF47F1}
		{B6E74310-7B34-4847-ADCC-FCBBDA7079D6} = {BCA25828-4837-4C8D-94D4-467E6FBF47F1}
		{072844CE-8ECE-4EA8-8382-006CEE164DCF} = {BCA25828-4837-4C8D-94D4-467E6FBF47F1}
		{CFF59D8A-CDED-4E88-93DD-2D852E7811A7} = {072844CE-8ECE-4EA8-8382-006CEE164DCF}
		{31D9A9D7-DD47-418A-9B64-3A32CB6BB2B6} = {072844CE-8ECE-4EA8-8382-006CEE164DCF}
		{4C3B2AE1-DA4C-43B6-A307-352465325FC9} = {BCA25828-4837-4C8D-94D4-467E6FBF47F1}
		{BB795FA7-9D7B-4BD8-B5E9-37A24ED28B22} = {072844CE-8ECE-4EA8-8382-006CEE164DCF}
		{24EE0E80-2D7C-4FAA-8A9B-F9E473AFFAEA} = {AA026DC3-ACA9-418C-9D5F-C0FA54F764CA}
		{AF890AD0-FEED-447C-9D37-099AC5A54104} = {24EE0E80-2D7C-4FAA-8A9B-F9E473AFFAEA}
		{A057CB41-AB5A-4110-A684-25E1BB58F81F} = {80986F3E-256A-4186-B2FC-44F932FAEDEE}
		{40E8A8DC-A8C7-4F05-9DCE-632D72E3C834} = {2B1FFDA1-2C40-4010-A8C0-A78752784998}
		{72430921-D25C-41DD-9832-2DBB0E4D2CEC} = {D0808B60-0179-4B84-B1CD-0330AFD573ED}
		{6F707302-6623-4CF1-8AE5-D533C6231FD3} = {BCA25828-4837-4C8D-94D4-467E6FBF47F1}
		{CCFF4A94-95DD-435C-A4C6-31178A823B54} = {6F707302-6623-4CF1-8AE5-D533C6231FD3}
	EndGlobalSection
EndGlobal
