
Microsoft Visual Studio Solution File, Format Version 12.00
# Visual Studio Version 17
VisualStudioVersion = 17.0.31903.59
MinimumVisualStudioVersion = 10.0.40219.1
Project("{FAE04EC0-301F-11D3-BF4B-00C04F79EFBC}") = "Nist.Logs.Microsoft.Playground", "Nist.Logs.Microsoft.Playground.csproj", "{F40AEA98-C6F9-4648-BEFF-075EF87E617E}"
EndProject
Global
	GlobalSection(SolutionConfigurationPlatforms) = preSolution
		Debug|Any CPU = Debug|Any CPU
		Release|Any CPU = Release|Any CPU
	EndGlobalSection
	GlobalSection(SolutionProperties) = preSolution
		HideSolutionNode = FALSE
	EndGlobalSection
	GlobalSection(ProjectConfigurationPlatforms) = postSolution
		{F40AEA98-C6F9-4648-BEFF-075EF87E617E}.Debug|Any CPU.ActiveCfg = Debug|Any CPU
		{F40AEA98-C6F9-4648-BEFF-075EF87E617E}.Debug|Any CPU.Build.0 = Debug|Any CPU
		{F40AEA98-C6F9-4648-BEFF-075EF87E617E}.Release|Any CPU.ActiveCfg = Release|Any CPU
		{F40AEA98-C6F9-4648-BEFF-075EF87E617E}.Release|Any CPU.Build.0 = Release|Any CPU
	EndGlobalSection
EndGlobal
