
Microsoft Visual Studio Solution File, Format Version 12.00
# Visual Studio Version 17
VisualStudioVersion = 17.0.31903.59
MinimumVisualStudioVersion = 10.0.40219.1
Project("{FAE04EC0-301F-11D3-BF4B-00C04F79EFBC}") = "defaults-web", "defaults-web\defaults-web.csproj", "{2C242B71-A090-4912-822D-2E0E7D9AFF6B}"
EndProject
Project("{FAE04EC0-301F-11D3-BF4B-00C04F79EFBC}") = "Nist.Templates.Playground.Defaults.WebApi", "Nist.Templates.Playground.Defaults.WebApi\Nist.Templates.Playground.Defaults.WebApi.csproj", "{2A1A4EA5-3A99-4EB0-9534-3BF2C4BA9336}"
EndProject
Global
	GlobalSection(SolutionConfigurationPlatforms) = preSolution
		Debug|Any CPU = Debug|Any CPU
		Release|Any CPU = Release|Any CPU
	EndGlobalSection
	GlobalSection(SolutionProperties) = preSolution
		HideSolutionNode = FALSE
	EndGlobalSection
	GlobalSection(ProjectConfigurationPlatforms) = postSolution
		{2C242B71-A090-4912-822D-2E0E7D9AFF6B}.Debug|Any CPU.ActiveCfg = Debug|Any CPU
		{2C242B71-A090-4912-822D-2E0E7D9AFF6B}.Debug|Any CPU.Build.0 = Debug|Any CPU
		{2C242B71-A090-4912-822D-2E0E7D9AFF6B}.Release|Any CPU.ActiveCfg = Release|Any CPU
		{2C242B71-A090-4912-822D-2E0E7D9AFF6B}.Release|Any CPU.Build.0 = Release|Any CPU
		{2A1A4EA5-3A99-4EB0-9534-3BF2C4BA9336}.Debug|Any CPU.ActiveCfg = Debug|Any CPU
		{2A1A4EA5-3A99-4EB0-9534-3BF2C4BA9336}.Debug|Any CPU.Build.0 = Debug|Any CPU
		{2A1A4EA5-3A99-4EB0-9534-3BF2C4BA9336}.Release|Any CPU.ActiveCfg = Release|Any CPU
		{2A1A4EA5-3A99-4EB0-9534-3BF2C4BA9336}.Release|Any CPU.Build.0 = Release|Any CPU
	EndGlobalSection
EndGlobal
