
Microsoft Visual Studio Solution File, Format Version 12.00
# Visual Studio Version 17
VisualStudioVersion = 17.0.31903.59
MinimumVisualStudioVersion = 10.0.40219.1
Project("{FAE04EC0-301F-11D3-BF4B-00C04F79EFBC}") = "Nist.Errors", "errors\Nist.Errors.csproj", "{D374EFF9-727C-4BE5-8143-62178D620AC3}"
EndProject
Project("{2150E333-8FDC-42A3-9474-1A3956D46DE8}") = "example", "example", "{17DA8110-ACF0-4A37-A820-F0E66B28E14A}"
EndProject
Project("{FAE04EC0-301F-11D3-BF4B-00C04F79EFBC}") = "Nist.Example.WebApi", "example\webapi\Nist.Example.WebApi.csproj", "{2CE7BF68-5C74-4F6D-8836-60573340D611}"
EndProject
Project("{FAE04EC0-301F-11D3-BF4B-00C04F79EFBC}") = "Nist.Example.Protocol", "example\protocol\Nist.Example.Protocol.csproj", "{8E2EF837-13EB-459E-8FF1-B7C805F7444B}"
EndProject
Project("{FAE04EC0-301F-11D3-BF4B-00C04F79EFBC}") = "Nist.Example.Tests", "example\tests\Nist.Example.Tests.csproj", "{51146A4E-FB8C-48FC-B31A-0B2709BE74A7}"
EndProject
Project("{FAE04EC0-301F-11D3-BF4B-00C04F79EFBC}") = "Nist.Logs", "logging\lib\Nist.Logs.csproj", "{517C3D3B-C051-4F89-BF49-0EFAD8A3442F}"
EndProject
Project("{2150E333-8FDC-42A3-9474-1A3956D46DE8}") = "queries", "queries", "{F00FC9B2-5A8D-485B-88C5-C033497093E9}"
EndProject
Project("{FAE04EC0-301F-11D3-BF4B-00C04F79EFBC}") = "Nist.Queries", "queries\Nist.Queries\Nist.Queries.csproj", "{AA6A9564-9E01-4372-B5A6-97B2AC654CE3}"
EndProject
Project("{FAE04EC0-301F-11D3-BF4B-00C04F79EFBC}") = "Nist.Queries.Tests", "queries\Nist.Queries.Tests\Nist.Queries.Tests.csproj", "{CCA782DB-02FD-48A2-8BE3-01B5F19F4BA6}"
EndProject
Project("{FAE04EC0-301F-11D3-BF4B-00C04F79EFBC}") = "Nist.Registration", "registration\Nist.Registration.csproj", "{4DE48B3D-CF64-4FD1-9482-683911C9035A}"
EndProject
Project("{2150E333-8FDC-42A3-9474-1A3956D46DE8}") = "responses", "responses", "{09DC9284-BB2B-4E78-B741-B4C9A452BC5B}"
EndProject
Project("{FAE04EC0-301F-11D3-BF4B-00C04F79EFBC}") = "Nist.Responses", "responses\lib\Nist.Responses.csproj", "{F4D532BD-6A57-4B3D-B8E4-25C24EAE0670}"
EndProject
Project("{2150E333-8FDC-42A3-9474-1A3956D46DE8}") = "templates", "templates", "{308C8B02-B63A-491C-8C59-4B52C02C25C5}"
EndProject
Project("{FAE04EC0-301F-11D3-BF4B-00C04F79EFBC}") = "Template.Protocol", "templates\minist\protocol\Template.Protocol.csproj", "{286D625C-D38E-444F-98FC-E14F1740BE04}"
EndProject
Project("{2150E333-8FDC-42A3-9474-1A3956D46DE8}") = "minist", "minist", "{2DC5E540-67C3-4BF3-8E4D-FB0070413761}"
	ProjectSection(SolutionItems) = preProject
		templates\minist\docker-compose.yml = templates\minist\docker-compose.yml
	EndProjectSection
EndProject
Project("{FAE04EC0-301F-11D3-BF4B-00C04F79EFBC}") = "Template.WebApi", "templates\minist\webapi\Template.WebApi.csproj", "{EE7B3B3A-2C54-43DB-8074-538FC945035F}"
EndProject
Project("{FAE04EC0-301F-11D3-BF4B-00C04F79EFBC}") = "Template.Tests", "templates\minist\tests\Template.Tests.csproj", "{8C98884F-9714-41B7-82B3-0E77AE940D57}"
EndProject
Project("{FAE04EC0-301F-11D3-BF4B-00C04F79EFBC}") = "Nist.Bodies", "bodies\lib\Nist.Bodies.csproj", "{D3891B92-2183-44CE-8F14-ABD238360CD7}"
EndProject
Project("{FAE04EC0-301F-11D3-BF4B-00C04F79EFBC}") = "Nist.Responses.Tests", "responses\tests\Nist.Responses.Tests.csproj", "{6DD634BB-4D7B-4409-B8BB-D0D0287E9B4E}"
EndProject
Project("{2150E333-8FDC-42A3-9474-1A3956D46DE8}") = "playground", "playground", "{EAF5CB15-4085-417B-A16A-C92C729D9760}"
EndProject
Project("{FAE04EC0-301F-11D3-BF4B-00C04F79EFBC}") = "defaults-web", "templates\playground\defaults-web\defaults-web.csproj", "{8A9959DF-1B42-4162-A129-CDE54CEFF7EE}"
EndProject
Project("{FAE04EC0-301F-11D3-BF4B-00C04F79EFBC}") = "defaults-webapi", "templates\playground\defaults-webapi\defaults-webapi.csproj", "{55A61A00-6DA2-4090-BCB0-84A221AF42C7}"
EndProject
Global
	GlobalSection(SolutionConfigurationPlatforms) = preSolution
		Debug|Any CPU = Debug|Any CPU
		Release|Any CPU = Release|Any CPU
	EndGlobalSection
	GlobalSection(SolutionProperties) = preSolution
		HideSolutionNode = FALSE
	EndGlobalSection
	GlobalSection(ProjectConfigurationPlatforms) = postSolution
		{D374EFF9-727C-4BE5-8143-62178D620AC3}.Debug|Any CPU.ActiveCfg = Debug|Any CPU
		{D374EFF9-727C-4BE5-8143-62178D620AC3}.Debug|Any CPU.Build.0 = Debug|Any CPU
		{D374EFF9-727C-4BE5-8143-62178D620AC3}.Release|Any CPU.ActiveCfg = Release|Any CPU
		{D374EFF9-727C-4BE5-8143-62178D620AC3}.Release|Any CPU.Build.0 = Release|Any CPU
		{2CE7BF68-5C74-4F6D-8836-60573340D611}.Debug|Any CPU.ActiveCfg = Debug|Any CPU
		{2CE7BF68-5C74-4F6D-8836-60573340D611}.Debug|Any CPU.Build.0 = Debug|Any CPU
		{2CE7BF68-5C74-4F6D-8836-60573340D611}.Release|Any CPU.ActiveCfg = Release|Any CPU
		{2CE7BF68-5C74-4F6D-8836-60573340D611}.Release|Any CPU.Build.0 = Release|Any CPU
		{8E2EF837-13EB-459E-8FF1-B7C805F7444B}.Debug|Any CPU.ActiveCfg = Debug|Any CPU
		{8E2EF837-13EB-459E-8FF1-B7C805F7444B}.Debug|Any CPU.Build.0 = Debug|Any CPU
		{8E2EF837-13EB-459E-8FF1-B7C805F7444B}.Release|Any CPU.ActiveCfg = Release|Any CPU
		{8E2EF837-13EB-459E-8FF1-B7C805F7444B}.Release|Any CPU.Build.0 = Release|Any CPU
		{51146A4E-FB8C-48FC-B31A-0B2709BE74A7}.Debug|Any CPU.ActiveCfg = Debug|Any CPU
		{51146A4E-FB8C-48FC-B31A-0B2709BE74A7}.Debug|Any CPU.Build.0 = Debug|Any CPU
		{51146A4E-FB8C-48FC-B31A-0B2709BE74A7}.Release|Any CPU.ActiveCfg = Release|Any CPU
		{51146A4E-FB8C-48FC-B31A-0B2709BE74A7}.Release|Any CPU.Build.0 = Release|Any CPU
		{517C3D3B-C051-4F89-BF49-0EFAD8A3442F}.Debug|Any CPU.ActiveCfg = Debug|Any CPU
		{517C3D3B-C051-4F89-BF49-0EFAD8A3442F}.Debug|Any CPU.Build.0 = Debug|Any CPU
		{517C3D3B-C051-4F89-BF49-0EFAD8A3442F}.Release|Any CPU.ActiveCfg = Release|Any CPU
		{517C3D3B-C051-4F89-BF49-0EFAD8A3442F}.Release|Any CPU.Build.0 = Release|Any CPU
		{AA6A9564-9E01-4372-B5A6-97B2AC654CE3}.Debug|Any CPU.ActiveCfg = Debug|Any CPU
		{AA6A9564-9E01-4372-B5A6-97B2AC654CE3}.Debug|Any CPU.Build.0 = Debug|Any CPU
		{AA6A9564-9E01-4372-B5A6-97B2AC654CE3}.Release|Any CPU.ActiveCfg = Release|Any CPU
		{AA6A9564-9E01-4372-B5A6-97B2AC654CE3}.Release|Any CPU.Build.0 = Release|Any CPU
		{CCA782DB-02FD-48A2-8BE3-01B5F19F4BA6}.Debug|Any CPU.ActiveCfg = Debug|Any CPU
		{CCA782DB-02FD-48A2-8BE3-01B5F19F4BA6}.Debug|Any CPU.Build.0 = Debug|Any CPU
		{CCA782DB-02FD-48A2-8BE3-01B5F19F4BA6}.Release|Any CPU.ActiveCfg = Release|Any CPU
		{CCA782DB-02FD-48A2-8BE3-01B5F19F4BA6}.Release|Any CPU.Build.0 = Release|Any CPU
		{4DE48B3D-CF64-4FD1-9482-683911C9035A}.Debug|Any CPU.ActiveCfg = Debug|Any CPU
		{4DE48B3D-CF64-4FD1-9482-683911C9035A}.Debug|Any CPU.Build.0 = Debug|Any CPU
		{4DE48B3D-CF64-4FD1-9482-683911C9035A}.Release|Any CPU.ActiveCfg = Release|Any CPU
		{4DE48B3D-CF64-4FD1-9482-683911C9035A}.Release|Any CPU.Build.0 = Release|Any CPU
		{F4D532BD-6A57-4B3D-B8E4-25C24EAE0670}.Debug|Any CPU.ActiveCfg = Debug|Any CPU
		{F4D532BD-6A57-4B3D-B8E4-25C24EAE0670}.Debug|Any CPU.Build.0 = Debug|Any CPU
		{F4D532BD-6A57-4B3D-B8E4-25C24EAE0670}.Release|Any CPU.ActiveCfg = Release|Any CPU
		{F4D532BD-6A57-4B3D-B8E4-25C24EAE0670}.Release|Any CPU.Build.0 = Release|Any CPU
		{286D625C-D38E-444F-98FC-E14F1740BE04}.Debug|Any CPU.ActiveCfg = Debug|Any CPU
		{286D625C-D38E-444F-98FC-E14F1740BE04}.Debug|Any CPU.Build.0 = Debug|Any CPU
		{286D625C-D38E-444F-98FC-E14F1740BE04}.Release|Any CPU.ActiveCfg = Release|Any CPU
		{286D625C-D38E-444F-98FC-E14F1740BE04}.Release|Any CPU.Build.0 = Release|Any CPU
		{EE7B3B3A-2C54-43DB-8074-538FC945035F}.Debug|Any CPU.ActiveCfg = Debug|Any CPU
		{EE7B3B3A-2C54-43DB-8074-538FC945035F}.Debug|Any CPU.Build.0 = Debug|Any CPU
		{EE7B3B3A-2C54-43DB-8074-538FC945035F}.Release|Any CPU.ActiveCfg = Release|Any CPU
		{EE7B3B3A-2C54-43DB-8074-538FC945035F}.Release|Any CPU.Build.0 = Release|Any CPU
		{8C98884F-9714-41B7-82B3-0E77AE940D57}.Debug|Any CPU.ActiveCfg = Debug|Any CPU
		{8C98884F-9714-41B7-82B3-0E77AE940D57}.Debug|Any CPU.Build.0 = Debug|Any CPU
		{8C98884F-9714-41B7-82B3-0E77AE940D57}.Release|Any CPU.ActiveCfg = Release|Any CPU
		{8C98884F-9714-41B7-82B3-0E77AE940D57}.Release|Any CPU.Build.0 = Release|Any CPU
		{D3891B92-2183-44CE-8F14-ABD238360CD7}.Debug|Any CPU.ActiveCfg = Debug|Any CPU
		{D3891B92-2183-44CE-8F14-ABD238360CD7}.Debug|Any CPU.Build.0 = Debug|Any CPU
		{D3891B92-2183-44CE-8F14-ABD238360CD7}.Release|Any CPU.ActiveCfg = Release|Any CPU
		{D3891B92-2183-44CE-8F14-ABD238360CD7}.Release|Any CPU.Build.0 = Release|Any CPU
		{6DD634BB-4D7B-4409-B8BB-D0D0287E9B4E}.Debug|Any CPU.ActiveCfg = Debug|Any CPU
		{6DD634BB-4D7B-4409-B8BB-D0D0287E9B4E}.Debug|Any CPU.Build.0 = Debug|Any CPU
		{6DD634BB-4D7B-4409-B8BB-D0D0287E9B4E}.Release|Any CPU.ActiveCfg = Release|Any CPU
		{6DD634BB-4D7B-4409-B8BB-D0D0287E9B4E}.Release|Any CPU.Build.0 = Release|Any CPU
		{8A9959DF-1B42-4162-A129-CDE54CEFF7EE}.Debug|Any CPU.ActiveCfg = Debug|Any CPU
		{8A9959DF-1B42-4162-A129-CDE54CEFF7EE}.Debug|Any CPU.Build.0 = Debug|Any CPU
		{8A9959DF-1B42-4162-A129-CDE54CEFF7EE}.Release|Any CPU.ActiveCfg = Release|Any CPU
		{8A9959DF-1B42-4162-A129-CDE54CEFF7EE}.Release|Any CPU.Build.0 = Release|Any CPU
		{55A61A00-6DA2-4090-BCB0-84A221AF42C7}.Debug|Any CPU.ActiveCfg = Debug|Any CPU
		{55A61A00-6DA2-4090-BCB0-84A221AF42C7}.Debug|Any CPU.Build.0 = Debug|Any CPU
		{55A61A00-6DA2-4090-BCB0-84A221AF42C7}.Release|Any CPU.ActiveCfg = Release|Any CPU
		{55A61A00-6DA2-4090-BCB0-84A221AF42C7}.Release|Any CPU.Build.0 = Release|Any CPU
	EndGlobalSection
	GlobalSection(NestedProjects) = preSolution
		{2CE7BF68-5C74-4F6D-8836-60573340D611} = {17DA8110-ACF0-4A37-A820-F0E66B28E14A}
		{8E2EF837-13EB-459E-8FF1-B7C805F7444B} = {17DA8110-ACF0-4A37-A820-F0E66B28E14A}
		{51146A4E-FB8C-48FC-B31A-0B2709BE74A7} = {17DA8110-ACF0-4A37-A820-F0E66B28E14A}
		{AA6A9564-9E01-4372-B5A6-97B2AC654CE3} = {F00FC9B2-5A8D-485B-88C5-C033497093E9}
		{CCA782DB-02FD-48A2-8BE3-01B5F19F4BA6} = {F00FC9B2-5A8D-485B-88C5-C033497093E9}
		{F4D532BD-6A57-4B3D-B8E4-25C24EAE0670} = {09DC9284-BB2B-4E78-B741-B4C9A452BC5B}
		{2DC5E540-67C3-4BF3-8E4D-FB0070413761} = {308C8B02-B63A-491C-8C59-4B52C02C25C5}
		{286D625C-D38E-444F-98FC-E14F1740BE04} = {2DC5E540-67C3-4BF3-8E4D-FB0070413761}
		{EE7B3B3A-2C54-43DB-8074-538FC945035F} = {2DC5E540-67C3-4BF3-8E4D-FB0070413761}
		{8C98884F-9714-41B7-82B3-0E77AE940D57} = {2DC5E540-67C3-4BF3-8E4D-FB0070413761}
		{6DD634BB-4D7B-4409-B8BB-D0D0287E9B4E} = {09DC9284-BB2B-4E78-B741-B4C9A452BC5B}
		{EAF5CB15-4085-417B-A16A-C92C729D9760} = {308C8B02-B63A-491C-8C59-4B52C02C25C5}
		{8A9959DF-1B42-4162-A129-CDE54CEFF7EE} = {EAF5CB15-4085-417B-A16A-C92C729D9760}
		{55A61A00-6DA2-4090-BCB0-84A221AF42C7} = {EAF5CB15-4085-417B-A16A-C92C729D9760}
	EndGlobalSection
EndGlobal
